
Microsoft Visual Studio Solution File, Format Version 12.00
# Visual Studio 15
VisualStudioVersion = 15.0.27703.2047
MinimumVisualStudioVersion = 10.0.40219.1
Project("{FAE04EC0-301F-11D3-BF4B-00C04F79EFBC}") = "RockPaperScissorsGame", "RockPaperScissorsGame\RockPaperScissorsGame.csproj", "{F3112121-1206-44A7-8694-BDA611D9F7D6}"
EndProject
Global
	GlobalSection(SolutionConfigurationPlatforms) = preSolution
		Debug|Any CPU = Debug|Any CPU
		Release|Any CPU = Release|Any CPU
	EndGlobalSection
	GlobalSection(ProjectConfigurationPlatforms) = postSolution
		{F3112121-1206-44A7-8694-BDA611D9F7D6}.Debug|Any CPU.ActiveCfg = Debug|Any CPU
		{F3112121-1206-44A7-8694-BDA611D9F7D6}.Debug|Any CPU.Build.0 = Debug|Any CPU
		{F3112121-1206-44A7-8694-BDA611D9F7D6}.Release|Any CPU.ActiveCfg = Release|Any CPU
		{F3112121-1206-44A7-8694-BDA611D9F7D6}.Release|Any CPU.Build.0 = Release|Any CPU
	EndGlobalSection
	GlobalSection(SolutionProperties) = preSolution
		HideSolutionNode = FALSE
	EndGlobalSection
	GlobalSection(ExtensibilityGlobals) = postSolution
		SolutionGuid = {040B67D3-19DC-4255-8DFF-9A63A239057C}
	EndGlobalSection
EndGlobal
